
Microsoft Visual Studio Solution File, Format Version 12.00
# Visual Studio 15
VisualStudioVersion = 15.0.27004.2002
MinimumVisualStudioVersion = 10.0.40219.1
Project("{FAE04EC0-301F-11D3-BF4B-00C04F79EFBC}") = "Sistema de Matricula", "Sistema de Matricula\Sistema de Matricula.csproj", "{4F0820D9-B1D6-4834-85B4-A81BEF3320C5}"
EndProject
Project("{FAE04EC0-301F-11D3-BF4B-00C04F79EFBC}") = "ClienteSistemaMatricula", "ClienteSistemaMatricula\ClienteSistemaMatricula\ClienteSistemaMatricula.csproj", "{0E8A439E-52BC-49F4-BB27-EED64DE90462}"
	ProjectSection(ProjectDependencies) = postProject
		{4F0820D9-B1D6-4834-85B4-A81BEF3320C5} = {4F0820D9-B1D6-4834-85B4-A81BEF3320C5}
	EndProjectSection
EndProject
Project("{FAE04EC0-301F-11D3-BF4B-00C04F79EFBC}") = "ClienteSistemaMatricula.UWP", "ClienteSistemaMatricula\ClienteSistemaMatricula.UWP\ClienteSistemaMatricula.UWP.csproj", "{5E4AEDFB-4560-44FA-8CD9-CBBB25A96DAD}"
EndProject
Global
	GlobalSection(SolutionConfigurationPlatforms) = preSolution
		Debug|Any CPU = Debug|Any CPU
		Debug|ARM = Debug|ARM
		Debug|x64 = Debug|x64
		Debug|x86 = Debug|x86
		Release|Any CPU = Release|Any CPU
		Release|ARM = Release|ARM
		Release|x64 = Release|x64
		Release|x86 = Release|x86
	EndGlobalSection
	GlobalSection(ProjectConfigurationPlatforms) = postSolution
		{4F0820D9-B1D6-4834-85B4-A81BEF3320C5}.Debug|Any CPU.ActiveCfg = Debug|Any CPU
		{4F0820D9-B1D6-4834-85B4-A81BEF3320C5}.Debug|Any CPU.Build.0 = Debug|Any CPU
		{4F0820D9-B1D6-4834-85B4-A81BEF3320C5}.Debug|ARM.ActiveCfg = Debug|Any CPU
		{4F0820D9-B1D6-4834-85B4-A81BEF3320C5}.Debug|ARM.Build.0 = Debug|Any CPU
		{4F0820D9-B1D6-4834-85B4-A81BEF3320C5}.Debug|x64.ActiveCfg = Debug|Any CPU
		{4F0820D9-B1D6-4834-85B4-A81BEF3320C5}.Debug|x64.Build.0 = Debug|Any CPU
		{4F0820D9-B1D6-4834-85B4-A81BEF3320C5}.Debug|x86.ActiveCfg = Debug|Any CPU
		{4F0820D9-B1D6-4834-85B4-A81BEF3320C5}.Debug|x86.Build.0 = Debug|Any CPU
		{4F0820D9-B1D6-4834-85B4-A81BEF3320C5}.Release|Any CPU.ActiveCfg = Release|Any CPU
		{4F0820D9-B1D6-4834-85B4-A81BEF3320C5}.Release|Any CPU.Build.0 = Release|Any CPU
		{4F0820D9-B1D6-4834-85B4-A81BEF3320C5}.Release|ARM.ActiveCfg = Release|Any CPU
		{4F0820D9-B1D6-4834-85B4-A81BEF3320C5}.Release|ARM.Build.0 = Release|Any CPU
		{4F0820D9-B1D6-4834-85B4-A81BEF3320C5}.Release|x64.ActiveCfg = Release|Any CPU
		{4F0820D9-B1D6-4834-85B4-A81BEF3320C5}.Release|x64.Build.0 = Release|Any CPU
		{4F0820D9-B1D6-4834-85B4-A81BEF3320C5}.Release|x86.ActiveCfg = Release|Any CPU
		{4F0820D9-B1D6-4834-85B4-A81BEF3320C5}.Release|x86.Build.0 = Release|Any CPU
		{0E8A439E-52BC-49F4-BB27-EED64DE90462}.Debug|Any CPU.ActiveCfg = Debug|Any CPU
		{0E8A439E-52BC-49F4-BB27-EED64DE90462}.Debug|Any CPU.Build.0 = Debug|Any CPU
		{0E8A439E-52BC-49F4-BB27-EED64DE90462}.Debug|ARM.ActiveCfg = Debug|Any CPU
		{0E8A439E-52BC-49F4-BB27-EED64DE90462}.Debug|ARM.Build.0 = Debug|Any CPU
		{0E8A439E-52BC-49F4-BB27-EED64DE90462}.Debug|x64.ActiveCfg = Debug|Any CPU
		{0E8A439E-52BC-49F4-BB27-EED64DE90462}.Debug|x64.Build.0 = Debug|Any CPU
		{0E8A439E-52BC-49F4-BB27-EED64DE90462}.Debug|x86.ActiveCfg = Debug|Any CPU
		{0E8A439E-52BC-49F4-BB27-EED64DE90462}.Debug|x86.Build.0 = Debug|Any CPU
		{0E8A439E-52BC-49F4-BB27-EED64DE90462}.Release|Any CPU.ActiveCfg = Release|Any CPU
		{0E8A439E-52BC-49F4-BB27-EED64DE90462}.Release|Any CPU.Build.0 = Release|Any CPU
		{0E8A439E-52BC-49F4-BB27-EED64DE90462}.Release|ARM.ActiveCfg = Release|Any CPU
		{0E8A439E-52BC-49F4-BB27-EED64DE90462}.Release|ARM.Build.0 = Release|Any CPU
		{0E8A439E-52BC-49F4-BB27-EED64DE90462}.Release|x64.ActiveCfg = Release|Any CPU
		{0E8A439E-52BC-49F4-BB27-EED64DE90462}.Release|x64.Build.0 = Release|Any CPU
		{0E8A439E-52BC-49F4-BB27-EED64DE90462}.Release|x86.ActiveCfg = Release|Any CPU
		{0E8A439E-52BC-49F4-BB27-EED64DE90462}.Release|x86.Build.0 = Release|Any CPU
		{5E4AEDFB-4560-44FA-8CD9-CBBB25A96DAD}.Debug|Any CPU.ActiveCfg = Debug|x64
		{5E4AEDFB-4560-44FA-8CD9-CBBB25A96DAD}.Debug|Any CPU.Build.0 = Debug|x64
		{5E4AEDFB-4560-44FA-8CD9-CBBB25A96DAD}.Debug|Any CPU.Deploy.0 = Debug|x64
		{5E4AEDFB-4560-44FA-8CD9-CBBB25A96DAD}.Debug|ARM.ActiveCfg = Debug|ARM
		{5E4AEDFB-4560-44FA-8CD9-CBBB25A96DAD}.Debug|ARM.Build.0 = Debug|ARM
		{5E4AEDFB-4560-44FA-8CD9-CBBB25A96DAD}.Debug|ARM.Deploy.0 = Debug|ARM
		{5E4AEDFB-4560-44FA-8CD9-CBBB25A96DAD}.Debug|x64.ActiveCfg = Debug|x64
		{5E4AEDFB-4560-44FA-8CD9-CBBB25A96DAD}.Debug|x64.Build.0 = Debug|x64
		{5E4AEDFB-4560-44FA-8CD9-CBBB25A96DAD}.Debug|x64.Deploy.0 = Debug|x64
		{5E4AEDFB-4560-44FA-8CD9-CBBB25A96DAD}.Debug|x86.ActiveCfg = Debug|x86
		{5E4AEDFB-4560-44FA-8CD9-CBBB25A96DAD}.Debug|x86.Build.0 = Debug|x86
		{5E4AEDFB-4560-44FA-8CD9-CBBB25A96DAD}.Debug|x86.Deploy.0 = Debug|x86
		{5E4AEDFB-4560-44FA-8CD9-CBBB25A96DAD}.Release|Any CPU.ActiveCfg = Release|x86
		{5E4AEDFB-4560-44FA-8CD9-CBBB25A96DAD}.Release|ARM.ActiveCfg = Release|ARM
		{5E4AEDFB-4560-44FA-8CD9-CBBB25A96DAD}.Release|ARM.Build.0 = Release|ARM
		{5E4AEDFB-4560-44FA-8CD9-CBBB25A96DAD}.Release|ARM.Deploy.0 = Release|ARM
		{5E4AEDFB-4560-44FA-8CD9-CBBB25A96DAD}.Release|x64.ActiveCfg = Release|x64
		{5E4AEDFB-4560-44FA-8CD9-CBBB25A96DAD}.Release|x64.Build.0 = Release|x64
		{5E4AEDFB-4560-44FA-8CD9-CBBB25A96DAD}.Release|x64.Deploy.0 = Release|x64
		{5E4AEDFB-4560-44FA-8CD9-CBBB25A96DAD}.Release|x86.ActiveCfg = Release|x86
		{5E4AEDFB-4560-44FA-8CD9-CBBB25A96DAD}.Release|x86.Build.0 = Release|x86
		{5E4AEDFB-4560-44FA-8CD9-CBBB25A96DAD}.Release|x86.Deploy.0 = Release|x86
	EndGlobalSection
	GlobalSection(SolutionProperties) = preSolution
		HideSolutionNode = FALSE
	EndGlobalSection
	GlobalSection(ExtensibilityGlobals) = postSolution
		SolutionGuid = {4664CC48-EBBF-464B-B12E-C7A15B1C1EFD}
	EndGlobalSection
EndGlobal
